
Microsoft Visual Studio Solution File, Format Version 12.00
# Visual Studio Version 17
VisualStudioVersion = 17.1.32210.238
MinimumVisualStudioVersion = 10.0.40219.1
Project("{FAE04EC0-301F-11D3-BF4B-00C04F79EFBC}") = "BTDiemDanh", "BTDiemDanh\BTDiemDanh.csproj", "{7E252AAB-C473-4035-875B-B55DD1400CC4}"
EndProject
Global
	GlobalSection(SolutionConfigurationPlatforms) = preSolution
		Debug|Any CPU = Debug|Any CPU
		Release|Any CPU = Release|Any CPU
	EndGlobalSection
	GlobalSection(ProjectConfigurationPlatforms) = postSolution
		{7E252AAB-C473-4035-875B-B55DD1400CC4}.Debug|Any CPU.ActiveCfg = Debug|Any CPU
		{7E252AAB-C473-4035-875B-B55DD1400CC4}.Debug|Any CPU.Build.0 = Debug|Any CPU
		{7E252AAB-C473-4035-875B-B55DD1400CC4}.Release|Any CPU.ActiveCfg = Release|Any CPU
		{7E252AAB-C473-4035-875B-B55DD1400CC4}.Release|Any CPU.Build.0 = Release|Any CPU
	EndGlobalSection
	GlobalSection(SolutionProperties) = preSolution
		HideSolutionNode = FALSE
	EndGlobalSection
	GlobalSection(ExtensibilityGlobals) = postSolution
		SolutionGuid = {543D45C1-74B7-4F99-AED8-9725965F5EC1}
	EndGlobalSection
EndGlobal
