
Microsoft Visual Studio Solution File, Format Version 12.00
# Visual Studio Version 17
VisualStudioVersion = 17.1.32210.238
MinimumVisualStudioVersion = 10.0.40219.1
Project("{FAE04EC0-301F-11D3-BF4B-00C04F79EFBC}") = "Account", "Account\Account.csproj", "{CA080CBD-4305-46A6-8974-B5B1A17597E7}"
EndProject
Global
	GlobalSection(SolutionConfigurationPlatforms) = preSolution
		Debug|Any CPU = Debug|Any CPU
		Release|Any CPU = Release|Any CPU
	EndGlobalSection
	GlobalSection(ProjectConfigurationPlatforms) = postSolution
		{CA080CBD-4305-46A6-8974-B5B1A17597E7}.Debug|Any CPU.ActiveCfg = Debug|Any CPU
		{CA080CBD-4305-46A6-8974-B5B1A17597E7}.Debug|Any CPU.Build.0 = Debug|Any CPU
		{CA080CBD-4305-46A6-8974-B5B1A17597E7}.Release|Any CPU.ActiveCfg = Release|Any CPU
		{CA080CBD-4305-46A6-8974-B5B1A17597E7}.Release|Any CPU.Build.0 = Release|Any CPU
	EndGlobalSection
	GlobalSection(SolutionProperties) = preSolution
		HideSolutionNode = FALSE
	EndGlobalSection
	GlobalSection(ExtensibilityGlobals) = postSolution
		SolutionGuid = {6FD2D3FF-3A38-4C28-B628-45B4CCA6465F}
	EndGlobalSection
EndGlobal
