
Microsoft Visual Studio Solution File, Format Version 12.00
# Visual Studio Version 17
VisualStudioVersion = 17.1.32210.238
MinimumVisualStudioVersion = 10.0.40219.1
Project("{FAE04EC0-301F-11D3-BF4B-00C04F79EFBC}") = "PTBac2", "PTBac2\PTBac2.csproj", "{945295E3-0413-49D6-9F04-96506010366C}"
EndProject
Project("{FAE04EC0-301F-11D3-BF4B-00C04F79EFBC}") = "Animal", "Animal\Animal.csproj", "{742C3F9B-E643-4D65-8B9A-69DDEA5B8ABF}"
EndProject
Global
	GlobalSection(SolutionConfigurationPlatforms) = preSolution
		Debug|Any CPU = Debug|Any CPU
		Release|Any CPU = Release|Any CPU
	EndGlobalSection
	GlobalSection(ProjectConfigurationPlatforms) = postSolution
		{945295E3-0413-49D6-9F04-96506010366C}.Debug|Any CPU.ActiveCfg = Debug|Any CPU
		{945295E3-0413-49D6-9F04-96506010366C}.Debug|Any CPU.Build.0 = Debug|Any CPU
		{945295E3-0413-49D6-9F04-96506010366C}.Release|Any CPU.ActiveCfg = Release|Any CPU
		{945295E3-0413-49D6-9F04-96506010366C}.Release|Any CPU.Build.0 = Release|Any CPU
		{742C3F9B-E643-4D65-8B9A-69DDEA5B8ABF}.Debug|Any CPU.ActiveCfg = Debug|Any CPU
		{742C3F9B-E643-4D65-8B9A-69DDEA5B8ABF}.Debug|Any CPU.Build.0 = Debug|Any CPU
		{742C3F9B-E643-4D65-8B9A-69DDEA5B8ABF}.Release|Any CPU.ActiveCfg = Release|Any CPU
		{742C3F9B-E643-4D65-8B9A-69DDEA5B8ABF}.Release|Any CPU.Build.0 = Release|Any CPU
	EndGlobalSection
	GlobalSection(SolutionProperties) = preSolution
		HideSolutionNode = FALSE
	EndGlobalSection
	GlobalSection(ExtensibilityGlobals) = postSolution
		SolutionGuid = {B657705B-4BA7-4940-BD48-A3F908BED4B7}
	EndGlobalSection
EndGlobal
